
Microsoft Visual Studio Solution File, Format Version 12.00
# Visual Studio Version 16
VisualStudioVersion = 16.0.30717.126
MinimumVisualStudioVersion = 10.0.40219.1
Project("{FAE04EC0-301F-11D3-BF4B-00C04F79EFBC}") = "Lostil", "Lostil\Lostil.csproj", "{DB934DBF-D2AD-4AFC-BA9B-80B21036219B}"
EndProject
Global
	GlobalSection(SolutionConfigurationPlatforms) = preSolution
		Debug|Any CPU = Debug|Any CPU
		Release|Any CPU = Release|Any CPU
	EndGlobalSection
	GlobalSection(ProjectConfigurationPlatforms) = postSolution
		{DB934DBF-D2AD-4AFC-BA9B-80B21036219B}.Debug|Any CPU.ActiveCfg = Debug|Any CPU
		{DB934DBF-D2AD-4AFC-BA9B-80B21036219B}.Debug|Any CPU.Build.0 = Debug|Any CPU
		{DB934DBF-D2AD-4AFC-BA9B-80B21036219B}.Release|Any CPU.ActiveCfg = Release|Any CPU
		{DB934DBF-D2AD-4AFC-BA9B-80B21036219B}.Release|Any CPU.Build.0 = Release|Any CPU
	EndGlobalSection
	GlobalSection(SolutionProperties) = preSolution
		HideSolutionNode = FALSE
	EndGlobalSection
	GlobalSection(ExtensibilityGlobals) = postSolution
		SolutionGuid = {2BC00C20-193A-4C81-851B-AF8864578A6D}
	EndGlobalSection
EndGlobal
